
Microsoft Visual Studio Solution File, Format Version 12.00
# Visual Studio Version 17
VisualStudioVersion = 17.5.002.0
MinimumVisualStudioVersion = 10.0.40219.1
Project("{9A19103F-16F7-4668-BE54-9A1E7A4F7556}") = "API", "API.csproj", "{6CE7445C-8E65-43EC-B044-673000B43187}"
EndProject
Global
	GlobalSection(SolutionConfigurationPlatforms) = preSolution
		Debug|Any CPU = Debug|Any CPU
		Release|Any CPU = Release|Any CPU
	EndGlobalSection
	GlobalSection(ProjectConfigurationPlatforms) = postSolution
		{6CE7445C-8E65-43EC-B044-673000B43187}.Debug|Any CPU.ActiveCfg = Debug|Any CPU
		{6CE7445C-8E65-43EC-B044-673000B43187}.Debug|Any CPU.Build.0 = Debug|Any CPU
		{6CE7445C-8E65-43EC-B044-673000B43187}.Release|Any CPU.ActiveCfg = Release|Any CPU
		{6CE7445C-8E65-43EC-B044-673000B43187}.Release|Any CPU.Build.0 = Release|Any CPU
	EndGlobalSection
	GlobalSection(SolutionProperties) = preSolution
		HideSolutionNode = FALSE
	EndGlobalSection
	GlobalSection(ExtensibilityGlobals) = postSolution
		SolutionGuid = {14CF0C7F-AFA7-4813-991B-2C2D06B4EEA1}
	EndGlobalSection
EndGlobal
